{
  "name": "@warren-bank/node-smali-class-shortest-path",
  "version": "1.0.0",
  "lockfileVersion": 3,
  "requires": true,
  "packages": {
    "": {
      "name": "@warren-bank/node-smali-class-shortest-path",
      "version": "1.0.0",
      "license": "GPL-2.0",
      "dependencies": {
        "@warren-bank/node-process-argv": "^1.2.1",
        "dijkstrajs": "1.0.3"
      },
      "bin": {
        "scsp": "bin/scsp.js"
      }
    },
    "node_modules/@warren-bank/node-process-argv": {
      "version": "1.2.1",
      "resolved": "https://registry.npmjs.org/@warren-bank/node-process-argv/-/node-process-argv-1.2.1.tgz",
      "integrity": "sha512-QvdN+2kCJdYvZF5GDu822MJJtOGWw5Lq6wrzspHCU4KgRRniqSpRSX2BRMw9BIbFJ1/TdBWEpNjjpGSdh+FsyQ=="
    },
    "node_modules/dijkstrajs": {
      "version": "1.0.3",
      "resolved": "https://registry.npmjs.org/dijkstrajs/-/dijkstrajs-1.0.3.tgz",
      "integrity": "sha512-qiSlmBq9+BCdCA/L46dw8Uy93mloxsPSbwnm5yrKn2vMPiy8KyAskTF6zuV/j5BMsmOGZDPs7KjU+mjb670kfA=="
    }
  }
}
